{
  "name": "host-app",
  "version": "1.0.0",
  "lockfileVersion": 3,
  "requires": true,
  "packages": {
    "": {
      "name": "host-app",
      "version": "1.0.0",
      "license": "ISC",
      "dependencies": {
        "remote-ui": "^1.0.0"
      }
    },
    "node_modules/remote-ui": {
      "version": "1.0.0",
      "resolved": "http://172.16.13.182:4873/remote-ui/-/remote-ui-1.0.0.tgz",
      "integrity": "sha512-k8qc5VmAF0g3uI3qWfDAi7OKJiSNt3k8ZDWJJ3Hr7lCC3SBaU8q1M7LSil3X0xenfQC8+aEUt5QV9hh/kxA0/g==",
      "license": "ISC"
    }
  }
}
