{
  "name": "test-app",
  "version": "1.0.0",
  "lockfileVersion": 3,
  "requires": true,
  "packages": {
    "": {
      "name": "test-app",
      "version": "1.0.0",
      "license": "ISC",
      "dependencies": {
        "@aas/ui-library": "^1.0.2"
      }
    },
    "node_modules/@aas/ui-library": {
      "version": "1.0.2",
      "resolved": "http://localhost:4873/@aas/ui-library/-/ui-library-1.0.2.tgz",
      "integrity": "sha512-GlpPR1Ys/X0qf/4UijIJrkETho4PBm2L5Xl9KjHXWIiI9bPljn7pDgDcCHvduMf9DF4jpTAYa0E83GcUTmnjvQ==",
      "license": "ISC"
    }
  }
}
