{
  "name": "host-2",
  "version": "1.0.0",
  "lockfileVersion": 3,
  "requires": true,
  "packages": {
    "": {
      "name": "host-2",
      "version": "1.0.0",
      "license": "ISC",
      "dependencies": {
        "@aas/pract-ui": "^1.0.1",
        "@aas/ui-library": "^1.0.2"
      }
    },
    "node_modules/@aas/pract-ui": {
      "version": "1.0.1",
      "resolved": "http://localhost:4873/@aas/pract-ui/-/pract-ui-1.0.1.tgz",
      "integrity": "sha512-+xV+Q4L/imScFLN8G57Y2wN9RfMoao6UuzOu5s8JeX7uXLssB/3oOMhKtBxoq+oII+QSDDitUkA49euEW1fzIw==",
      "license": "ISC"
    },
    "node_modules/@aas/ui-library": {
      "version": "1.0.2",
      "resolved": "http://localhost:4873/@aas/ui-library/-/ui-library-1.0.2.tgz",
      "integrity": "sha512-GlpPR1Ys/X0qf/4UijIJrkETho4PBm2L5Xl9KjHXWIiI9bPljn7pDgDcCHvduMf9DF4jpTAYa0E83GcUTmnjvQ==",
      "license": "ISC"
    }
  }
}
